
Microsoft Visual Studio Solution File, Format Version 12.00
# Visual Studio 14
VisualStudioVersion = 14.0.25420.1
MinimumVisualStudioVersion = 10.0.40219.1
Project("{FAE04EC0-301F-11D3-BF4B-00C04F79EFBC}") = "DownloadService", "DownloadService\DownloadService.csproj", "{486CA892-B486-47B6-AD25-B3A17D700BD9}"
EndProject
Project("{E24C65DC-7377-472B-9ABA-BC803B73C61A}") = "IISHost(1)", "IISHost\", "{915F40EE-4320-4270-B7B5-4A44D8039031}"
	ProjectSection(WebsiteProperties) = preProject
		TargetFrameworkMoniker = ".NETFramework,Version%3Dv4.5.2"
		ProjectReferences = "{486ca892-b486-47b6-ad25-b3a17d700bd9}|DownloadService.dll;"
		Debug.AspNetCompiler.VirtualPath = "/localhost_1653"
		Debug.AspNetCompiler.PhysicalPath = "IISHost\"
		Debug.AspNetCompiler.TargetPath = "PrecompiledWeb\localhost_1653\"
		Debug.AspNetCompiler.Updateable = "true"
		Debug.AspNetCompiler.ForceOverwrite = "true"
		Debug.AspNetCompiler.FixedNames = "false"
		Debug.AspNetCompiler.Debug = "True"
		Release.AspNetCompiler.VirtualPath = "/localhost_1653"
		Release.AspNetCompiler.PhysicalPath = "IISHost\"
		Release.AspNetCompiler.TargetPath = "PrecompiledWeb\localhost_1653\"
		Release.AspNetCompiler.Updateable = "true"
		Release.AspNetCompiler.ForceOverwrite = "true"
		Release.AspNetCompiler.FixedNames = "false"
		Release.AspNetCompiler.Debug = "False"
		VWDPort = "1653"
		SlnRelativePath = "IISHost\"
		DefaultWebSiteLanguage = "Visual C#"
	EndProjectSection
EndProject
Global
	GlobalSection(SolutionConfigurationPlatforms) = preSolution
		Debug|Any CPU = Debug|Any CPU
		Release|Any CPU = Release|Any CPU
	EndGlobalSection
	GlobalSection(ProjectConfigurationPlatforms) = postSolution
		{486CA892-B486-47B6-AD25-B3A17D700BD9}.Debug|Any CPU.ActiveCfg = Debug|Any CPU
		{486CA892-B486-47B6-AD25-B3A17D700BD9}.Debug|Any CPU.Build.0 = Debug|Any CPU
		{486CA892-B486-47B6-AD25-B3A17D700BD9}.Release|Any CPU.ActiveCfg = Release|Any CPU
		{486CA892-B486-47B6-AD25-B3A17D700BD9}.Release|Any CPU.Build.0 = Release|Any CPU
		{915F40EE-4320-4270-B7B5-4A44D8039031}.Debug|Any CPU.ActiveCfg = Debug|Any CPU
		{915F40EE-4320-4270-B7B5-4A44D8039031}.Debug|Any CPU.Build.0 = Debug|Any CPU
		{915F40EE-4320-4270-B7B5-4A44D8039031}.Release|Any CPU.ActiveCfg = Debug|Any CPU
		{915F40EE-4320-4270-B7B5-4A44D8039031}.Release|Any CPU.Build.0 = Debug|Any CPU
	EndGlobalSection
	GlobalSection(SolutionProperties) = preSolution
		HideSolutionNode = FALSE
	EndGlobalSection
EndGlobal
