
Microsoft Visual Studio Solution File, Format Version 12.00
# Visual Studio 14
VisualStudioVersion = 14.0.25420.1
MinimumVisualStudioVersion = 10.0.40219.1
Project("{FAE04EC0-301F-11D3-BF4B-00C04F79EFBC}") = "SimpleService", "SimpleService\SimpleService.csproj", "{31F8ABBE-C534-4AB6-87A0-4B396FAAC83E}"
EndProject
Project("{FAE04EC0-301F-11D3-BF4B-00C04F79EFBC}") = "ConsoleHost", "ConsoleHost\ConsoleHost.csproj", "{224E4D7E-5A01-407F-A8DF-067E7D79A557}"
EndProject
Global
	GlobalSection(SolutionConfigurationPlatforms) = preSolution
		Debug|Any CPU = Debug|Any CPU
		Release|Any CPU = Release|Any CPU
	EndGlobalSection
	GlobalSection(ProjectConfigurationPlatforms) = postSolution
		{31F8ABBE-C534-4AB6-87A0-4B396FAAC83E}.Debug|Any CPU.ActiveCfg = Debug|Any CPU
		{31F8ABBE-C534-4AB6-87A0-4B396FAAC83E}.Debug|Any CPU.Build.0 = Debug|Any CPU
		{31F8ABBE-C534-4AB6-87A0-4B396FAAC83E}.Release|Any CPU.ActiveCfg = Release|Any CPU
		{31F8ABBE-C534-4AB6-87A0-4B396FAAC83E}.Release|Any CPU.Build.0 = Release|Any CPU
		{224E4D7E-5A01-407F-A8DF-067E7D79A557}.Debug|Any CPU.ActiveCfg = Debug|Any CPU
		{224E4D7E-5A01-407F-A8DF-067E7D79A557}.Debug|Any CPU.Build.0 = Debug|Any CPU
		{224E4D7E-5A01-407F-A8DF-067E7D79A557}.Release|Any CPU.ActiveCfg = Release|Any CPU
		{224E4D7E-5A01-407F-A8DF-067E7D79A557}.Release|Any CPU.Build.0 = Release|Any CPU
	EndGlobalSection
	GlobalSection(SolutionProperties) = preSolution
		HideSolutionNode = FALSE
	EndGlobalSection
EndGlobal
