
Microsoft Visual Studio Solution File, Format Version 12.00
# Visual Studio 14
VisualStudioVersion = 14.0.25420.1
MinimumVisualStudioVersion = 10.0.40219.1
Project("{FAE04EC0-301F-11D3-BF4B-00C04F79EFBC}") = "HelloService", "HelloService\HelloService.csproj", "{72723EDF-E323-4D07-A3C1-A43464F8FDC5}"
EndProject
Project("{FAE04EC0-301F-11D3-BF4B-00C04F79EFBC}") = "HelloServiceHost", "HelloServiceHost\HelloServiceHost.csproj", "{14EAD1A5-DF2D-469D-963B-2A05C009C3C8}"
EndProject
Global
	GlobalSection(SolutionConfigurationPlatforms) = preSolution
		Debug|Any CPU = Debug|Any CPU
		Release|Any CPU = Release|Any CPU
	EndGlobalSection
	GlobalSection(ProjectConfigurationPlatforms) = postSolution
		{72723EDF-E323-4D07-A3C1-A43464F8FDC5}.Debug|Any CPU.ActiveCfg = Debug|Any CPU
		{72723EDF-E323-4D07-A3C1-A43464F8FDC5}.Debug|Any CPU.Build.0 = Debug|Any CPU
		{72723EDF-E323-4D07-A3C1-A43464F8FDC5}.Release|Any CPU.ActiveCfg = Release|Any CPU
		{72723EDF-E323-4D07-A3C1-A43464F8FDC5}.Release|Any CPU.Build.0 = Release|Any CPU
		{14EAD1A5-DF2D-469D-963B-2A05C009C3C8}.Debug|Any CPU.ActiveCfg = Debug|Any CPU
		{14EAD1A5-DF2D-469D-963B-2A05C009C3C8}.Debug|Any CPU.Build.0 = Debug|Any CPU
		{14EAD1A5-DF2D-469D-963B-2A05C009C3C8}.Release|Any CPU.ActiveCfg = Release|Any CPU
		{14EAD1A5-DF2D-469D-963B-2A05C009C3C8}.Release|Any CPU.Build.0 = Release|Any CPU
	EndGlobalSection
	GlobalSection(SolutionProperties) = preSolution
		HideSolutionNode = FALSE
	EndGlobalSection
EndGlobal
