
Microsoft Visual Studio Solution File, Format Version 12.00
# Visual Studio 14
VisualStudioVersion = 14.0.25420.1
MinimumVisualStudioVersion = 10.0.40219.1
Project("{FAE04EC0-301F-11D3-BF4B-00C04F79EFBC}") = "ReportService", "ReportService\ReportService.csproj", "{3B85B144-4D1A-4AE0-BBD7-BD0C5F112DA9}"
EndProject
Project("{FAE04EC0-301F-11D3-BF4B-00C04F79EFBC}") = "ConsoleHost", "ConsoleHost\ConsoleHost.csproj", "{22BAEB08-13C5-49CF-B8AC-E2BE7503EAEE}"
EndProject
Global
	GlobalSection(SolutionConfigurationPlatforms) = preSolution
		Debug|Any CPU = Debug|Any CPU
		Release|Any CPU = Release|Any CPU
	EndGlobalSection
	GlobalSection(ProjectConfigurationPlatforms) = postSolution
		{3B85B144-4D1A-4AE0-BBD7-BD0C5F112DA9}.Debug|Any CPU.ActiveCfg = Debug|Any CPU
		{3B85B144-4D1A-4AE0-BBD7-BD0C5F112DA9}.Debug|Any CPU.Build.0 = Debug|Any CPU
		{3B85B144-4D1A-4AE0-BBD7-BD0C5F112DA9}.Release|Any CPU.ActiveCfg = Release|Any CPU
		{3B85B144-4D1A-4AE0-BBD7-BD0C5F112DA9}.Release|Any CPU.Build.0 = Release|Any CPU
		{22BAEB08-13C5-49CF-B8AC-E2BE7503EAEE}.Debug|Any CPU.ActiveCfg = Debug|Any CPU
		{22BAEB08-13C5-49CF-B8AC-E2BE7503EAEE}.Debug|Any CPU.Build.0 = Debug|Any CPU
		{22BAEB08-13C5-49CF-B8AC-E2BE7503EAEE}.Release|Any CPU.ActiveCfg = Release|Any CPU
		{22BAEB08-13C5-49CF-B8AC-E2BE7503EAEE}.Release|Any CPU.Build.0 = Release|Any CPU
	EndGlobalSection
	GlobalSection(SolutionProperties) = preSolution
		HideSolutionNode = FALSE
	EndGlobalSection
EndGlobal
